
Microsoft Visual Studio Solution File, Format Version 12.00
# Visual Studio 15
VisualStudioVersion = 15.0.28307.572
MinimumVisualStudioVersion = 10.0.40219.1
Project("{FAE04EC0-301F-11D3-BF4B-00C04F79EFBC}") = "Hex-Dec-And-Binary-Convertor", "Hex-Dec-And-Binary-Convertor\Hex-Dec-And-Binary-Convertor.csproj", "{BEDFFF0E-9134-4BD3-A5DB-BFA2B87767A6}"
EndProject
Project("{FAE04EC0-301F-11D3-BF4B-00C04F79EFBC}") = "Convertor_berekenen.Lib", "Convertor_berekenen.Lib\Convertor_berekenen.Lib.csproj", "{096F9B35-935F-4359-AB94-A91B18913AB4}"
EndProject
Global
	GlobalSection(SolutionConfigurationPlatforms) = preSolution
		Debug|Any CPU = Debug|Any CPU
		Release|Any CPU = Release|Any CPU
	EndGlobalSection
	GlobalSection(ProjectConfigurationPlatforms) = postSolution
		{BEDFFF0E-9134-4BD3-A5DB-BFA2B87767A6}.Debug|Any CPU.ActiveCfg = Debug|Any CPU
		{BEDFFF0E-9134-4BD3-A5DB-BFA2B87767A6}.Debug|Any CPU.Build.0 = Debug|Any CPU
		{BEDFFF0E-9134-4BD3-A5DB-BFA2B87767A6}.Release|Any CPU.ActiveCfg = Release|Any CPU
		{BEDFFF0E-9134-4BD3-A5DB-BFA2B87767A6}.Release|Any CPU.Build.0 = Release|Any CPU
		{096F9B35-935F-4359-AB94-A91B18913AB4}.Debug|Any CPU.ActiveCfg = Debug|Any CPU
		{096F9B35-935F-4359-AB94-A91B18913AB4}.Debug|Any CPU.Build.0 = Debug|Any CPU
		{096F9B35-935F-4359-AB94-A91B18913AB4}.Release|Any CPU.ActiveCfg = Release|Any CPU
		{096F9B35-935F-4359-AB94-A91B18913AB4}.Release|Any CPU.Build.0 = Release|Any CPU
	EndGlobalSection
	GlobalSection(SolutionProperties) = preSolution
		HideSolutionNode = FALSE
	EndGlobalSection
	GlobalSection(ExtensibilityGlobals) = postSolution
		SolutionGuid = {ED69C4F5-0AA5-4A00-85E6-FB3901092EAC}
	EndGlobalSection
EndGlobal
